// !$*UTF8*$!
{
	archiveVersion = 1;
	classes = {
	};
	objectVersion = 50;
	objects = {

/* Begin PBXBuildFile section */
		B59EB7DB268912A2009B52E8 /* NavigationContainerApp.swift in Sources */ = {isa = PBXBuildFile; fileRef = B59EB7DA268912A2009B52E8 /* NavigationContainerApp.swift */; };
		B59EB7DD268912A2009B52E8 /* ContentView.swift in Sources */ = {isa = PBXBuildFile; fileRef = B59EB7DC268912A2009B52E8 /* ContentView.swift */; };
		B59EB7DF268912A3009B52E8 /* Assets.xcassets in Resources */ = {isa = PBXBuildFile; fileRef = B59EB7DE268912A3009B52E8 /* Assets.xcassets */; };
		B59EB7E2268912A3009B52E8 /* Preview Assets.xcassets in Resources */ = {isa = PBXBuildFile; fileRef = B59EB7E1268912A3009B52E8 /* Preview Assets.xcassets */; };
		B59EB7EA26891444009B52E8 /* Model.swift in Sources */ = {isa = PBXBuildFile; fileRef = B59EB7E926891444009B52E8 /* Model.swift */; };
		B59EB7EC26891458009B52E8 /* ImageListView.swift in Sources */ = {isa = PBXBuildFile; fileRef = B59EB7EB26891458009B52E8 /* ImageListView.swift */; };
		B59EB7EE26891936009B52E8 /* NavigationContainer.swift in Sources */ = {isa = PBXBuildFile; fileRef = B59EB7ED26891936009B52E8 /* NavigationContainer.swift */; };
		B59EB7F026891B81009B52E8 /* NavigationContainer+Coordinator.swift in Sources */ = {isa = PBXBuildFile; fileRef = B59EB7EF26891B81009B52E8 /* NavigationContainer+Coordinator.swift */; };
		B59EB7F226891B93009B52E8 /* NavigationContainerPage.swift in Sources */ = {isa = PBXBuildFile; fileRef = B59EB7F126891B93009B52E8 /* NavigationContainerPage.swift */; };
		B59EB7F426891BB2009B52E8 /* NavigationContainerLink.swift in Sources */ = {isa = PBXBuildFile; fileRef = B59EB7F326891BB2009B52E8 /* NavigationContainerLink.swift */; };
		B59EB7F726891DCE009B52E8 /* NavigationContainerBar.swift in Sources */ = {isa = PBXBuildFile; fileRef = B59EB7F626891DCE009B52E8 /* NavigationContainerBar.swift */; };
		B59EB7F926893007009B52E8 /* NavigationContainer+Preferences.swift in Sources */ = {isa = PBXBuildFile; fileRef = B59EB7F826893007009B52E8 /* NavigationContainer+Preferences.swift */; };
		B59EB7FB26893417009B52E8 /* ImageDetailsView.swift in Sources */ = {isa = PBXBuildFile; fileRef = B59EB7FA26893417009B52E8 /* ImageDetailsView.swift */; };
/* End PBXBuildFile section */

/* Begin PBXFileReference section */
		B59EB7D7268912A2009B52E8 /* NavigationContainer.app */ = {isa = PBXFileReference; explicitFileType = wrapper.application; includeInIndex = 0; path = NavigationContainer.app; sourceTree = BUILT_PRODUCTS_DIR; };
		B59EB7DA268912A2009B52E8 /* NavigationContainerApp.swift */ = {isa = PBXFileReference; lastKnownFileType = sourcecode.swift; path = NavigationContainerApp.swift; sourceTree = "<group>"; };
		B59EB7DC268912A2009B52E8 /* ContentView.swift */ = {isa = PBXFileReference; lastKnownFileType = sourcecode.swift; path = ContentView.swift; sourceTree = "<group>"; };
		B59EB7DE268912A3009B52E8 /* Assets.xcassets */ = {isa = PBXFileReference; lastKnownFileType = folder.assetcatalog; path = Assets.xcassets; sourceTree = "<group>"; };
		B59EB7E1268912A3009B52E8 /* Preview Assets.xcassets */ = {isa = PBXFileReference; lastKnownFileType = folder.assetcatalog; path = "Preview Assets.xcassets"; sourceTree = "<group>"; };
		B59EB7E3268912A3009B52E8 /* Info.plist */ = {isa = PBXFileReference; lastKnownFileType = text.plist.xml; path = Info.plist; sourceTree = "<group>"; };
		B59EB7E926891444009B52E8 /* Model.swift */ = {isa = PBXFileReference; lastKnownFileType = sourcecode.swift; path = Model.swift; sourceTree = "<group>"; };
		B59EB7EB26891458009B52E8 /* ImageListView.swift */ = {isa = PBXFileReference; lastKnownFileType = sourcecode.swift; path = ImageListView.swift; sourceTree = "<group>"; };
		B59EB7ED26891936009B52E8 /* NavigationContainer.swift */ = {isa = PBXFileReference; lastKnownFileType = sourcecode.swift; path = NavigationContainer.swift; sourceTree = "<group>"; };
		B59EB7EF26891B81009B52E8 /* NavigationContainer+Coordinator.swift */ = {isa = PBXFileReference; lastKnownFileType = sourcecode.swift; path = "NavigationContainer+Coordinator.swift"; sourceTree = "<group>"; };
		B59EB7F126891B93009B52E8 /* NavigationContainerPage.swift */ = {isa = PBXFileReference; lastKnownFileType = sourcecode.swift; path = NavigationContainerPage.swift; sourceTree = "<group>"; };
		B59EB7F326891BB2009B52E8 /* NavigationContainerLink.swift */ = {isa = PBXFileReference; lastKnownFileType = sourcecode.swift; path = NavigationContainerLink.swift; sourceTree = "<group>"; };
		B59EB7F626891DCE009B52E8 /* NavigationContainerBar.swift */ = {isa = PBXFileReference; lastKnownFileType = sourcecode.swift; path = NavigationContainerBar.swift; sourceTree = "<group>"; };
		B59EB7F826893007009B52E8 /* NavigationContainer+Preferences.swift */ = {isa = PBXFileReference; lastKnownFileType = sourcecode.swift; path = "NavigationContainer+Preferences.swift"; sourceTree = "<group>"; };
		B59EB7FA26893417009B52E8 /* ImageDetailsView.swift */ = {isa = PBXFileReference; lastKnownFileType = sourcecode.swift; path = ImageDetailsView.swift; sourceTree = "<group>"; };
/* End PBXFileReference section */

/* Begin PBXFrameworksBuildPhase section */
		B59EB7D4268912A2009B52E8 /* Frameworks */ = {
			isa = PBXFrameworksBuildPhase;
			buildActionMask = 2147483647;
			files = (
			);
			runOnlyForDeploymentPostprocessing = 0;
		};
/* End PBXFrameworksBuildPhase section */

/* Begin PBXGroup section */
		B59EB7CE268912A2009B52E8 = {
			isa = PBXGroup;
			children = (
				B59EB7D9268912A2009B52E8 /* NavigationContainer */,
				B59EB7D8268912A2009B52E8 /* Products */,
			);
			sourceTree = "<group>";
		};
		B59EB7D8268912A2009B52E8 /* Products */ = {
			isa = PBXGroup;
			children = (
				B59EB7D7268912A2009B52E8 /* NavigationContainer.app */,
			);
			name = Products;
			sourceTree = "<group>";
		};
		B59EB7D9268912A2009B52E8 /* NavigationContainer */ = {
			isa = PBXGroup;
			children = (
				B59EB7DA268912A2009B52E8 /* NavigationContainerApp.swift */,
				B59EB7DC268912A2009B52E8 /* ContentView.swift */,
				B59EB7EB26891458009B52E8 /* ImageListView.swift */,
				B59EB7FA26893417009B52E8 /* ImageDetailsView.swift */,
				B59EB7F526891C63009B52E8 /* Navigation Container */,
				B59EB7E926891444009B52E8 /* Model.swift */,
				B59EB7DE268912A3009B52E8 /* Assets.xcassets */,
				B59EB7E3268912A3009B52E8 /* Info.plist */,
				B59EB7E0268912A3009B52E8 /* Preview Content */,
			);
			path = NavigationContainer;
			sourceTree = "<group>";
		};
		B59EB7E0268912A3009B52E8 /* Preview Content */ = {
			isa = PBXGroup;
			children = (
				B59EB7E1268912A3009B52E8 /* Preview Assets.xcassets */,
			);
			path = "Preview Content";
			sourceTree = "<group>";
		};
		B59EB7F526891C63009B52E8 /* Navigation Container */ = {
			isa = PBXGroup;
			children = (
				B59EB7ED26891936009B52E8 /* NavigationContainer.swift */,
				B59EB7F626891DCE009B52E8 /* NavigationContainerBar.swift */,
				B59EB7F326891BB2009B52E8 /* NavigationContainerLink.swift */,
				B59EB7F126891B93009B52E8 /* NavigationContainerPage.swift */,
				B59EB7F826893007009B52E8 /* NavigationContainer+Preferences.swift */,
				B59EB7EF26891B81009B52E8 /* NavigationContainer+Coordinator.swift */,
			);
			path = "Navigation Container";
			sourceTree = "<group>";
		};
/* End PBXGroup section */

/* Begin PBXNativeTarget section */
		B59EB7D6268912A2009B52E8 /* NavigationContainer */ = {
			isa = PBXNativeTarget;
			buildConfigurationList = B59EB7E6268912A3009B52E8 /* Build configuration list for PBXNativeTarget "NavigationContainer" */;
			buildPhases = (
				B59EB7D3268912A2009B52E8 /* Sources */,
				B59EB7D4268912A2009B52E8 /* Frameworks */,
				B59EB7D5268912A2009B52E8 /* Resources */,
			);
			buildRules = (
			);
			dependencies = (
			);
			name = NavigationContainer;
			productName = NavigationContainer;
			productReference = B59EB7D7268912A2009B52E8 /* NavigationContainer.app */;
			productType = "com.apple.product-type.application";
		};
/* End PBXNativeTarget section */

/* Begin PBXProject section */
		B59EB7CF268912A2009B52E8 /* Project object */ = {
			isa = PBXProject;
			attributes = {
				LastSwiftUpdateCheck = 1250;
				LastUpgradeCheck = 1250;
				TargetAttributes = {
					B59EB7D6268912A2009B52E8 = {
						CreatedOnToolsVersion = 12.5;
					};
				};
			};
			buildConfigurationList = B59EB7D2268912A2009B52E8 /* Build configuration list for PBXProject "NavigationContainer" */;
			compatibilityVersion = "Xcode 9.3";
			developmentRegion = en;
			hasScannedForEncodings = 0;
			knownRegions = (
				en,
				Base,
			);
			mainGroup = B59EB7CE268912A2009B52E8;
			productRefGroup = B59EB7D8268912A2009B52E8 /* Products */;
			projectDirPath = "";
			projectRoot = "";
			targets = (
				B59EB7D6268912A2009B52E8 /* NavigationContainer */,
			);
		};
/* End PBXProject section */

/* Begin PBXResourcesBuildPhase section */
		B59EB7D5268912A2009B52E8 /* Resources */ = {
			isa = PBXResourcesBuildPhase;
			buildActionMask = 2147483647;
			files = (
				B59EB7E2268912A3009B52E8 /* Preview Assets.xcassets in Resources */,
				B59EB7DF268912A3009B52E8 /* Assets.xcassets in Resources */,
			);
			runOnlyForDeploymentPostprocessing = 0;
		};
/* End PBXResourcesBuildPhase section */

/* Begin PBXSourcesBuildPhase section */
		B59EB7D3268912A2009B52E8 /* Sources */ = {
			isa = PBXSourcesBuildPhase;
			buildActionMask = 2147483647;
			files = (
				B59EB7EC26891458009B52E8 /* ImageListView.swift in Sources */,
				B59EB7F726891DCE009B52E8 /* NavigationContainerBar.swift in Sources */,
				B59EB7FB26893417009B52E8 /* ImageDetailsView.swift in Sources */,
				B59EB7F426891BB2009B52E8 /* NavigationContainerLink.swift in Sources */,
				B59EB7F226891B93009B52E8 /* NavigationContainerPage.swift in Sources */,
				B59EB7F926893007009B52E8 /* NavigationContainer+Preferences.swift in Sources */,
				B59EB7EE26891936009B52E8 /* NavigationContainer.swift in Sources */,
				B59EB7EA26891444009B52E8 /* Model.swift in Sources */,
				B59EB7DD268912A2009B52E8 /* ContentView.swift in Sources */,
				B59EB7F026891B81009B52E8 /* NavigationContainer+Coordinator.swift in Sources */,
				B59EB7DB268912A2009B52E8 /* NavigationContainerApp.swift in Sources */,
			);
			runOnlyForDeploymentPostprocessing = 0;
		};
/* End PBXSourcesBuildPhase section */

/* Begin XCBuildConfiguration section */
		B59EB7E4268912A3009B52E8 /* Debug */ = {
			isa = XCBuildConfiguration;
			buildSettings = {
				ALWAYS_SEARCH_USER_PATHS = NO;
				CLANG_ANALYZER_NONNULL = YES;
				CLANG_ANALYZER_NUMBER_OBJECT_CONVERSION = YES_AGGRESSIVE;
				CLANG_CXX_LANGUAGE_STANDARD = "gnu++14";
				CLANG_CXX_LIBRARY = "libc++";
				CLANG_ENABLE_MODULES = YES;
				CLANG_ENABLE_OBJC_ARC = YES;
				CLANG_ENABLE_OBJC_WEAK = YES;
				CLANG_WARN_BLOCK_CAPTURE_AUTORELEASING = YES;
				CLANG_WARN_BOOL_CONVERSION = YES;
				CLANG_WARN_COMMA = YES;
				CLANG_WARN_CONSTANT_CONVERSION = YES;
				CLANG_WARN_DEPRECATED_OBJC_IMPLEMENTATIONS = YES;
				CLANG_WARN_DIRECT_OBJC_ISA_USAGE = YES_ERROR;
				CLANG_WARN_DOCUMENTATION_COMMENTS = YES;
				CLANG_WARN_EMPTY_BODY = YES;
				CLANG_WARN_ENUM_CONVERSION = YES;
				CLANG_WARN_INFINITE_RECURSION = YES;
				CLANG_WARN_INT_CONVERSION = YES;
				CLANG_WARN_NON_LITERAL_NULL_CONVERSION = YES;
				CLANG_WARN_OBJC_IMPLICIT_RETAIN_SELF = YES;
				CLANG_WARN_OBJC_LITERAL_CONVERSION = YES;
				CLANG_WARN_OBJC_ROOT_CLASS = YES_ERROR;
				CLANG_WARN_QUOTED_INCLUDE_IN_FRAMEWORK_HEADER = YES;
				CLANG_WARN_RANGE_LOOP_ANALYSIS = YES;
				CLANG_WARN_STRICT_PROTOTYPES = YES;
				CLANG_WARN_SUSPICIOUS_MOVE = YES;
				CLANG_WARN_UNGUARDED_AVAILABILITY = YES_AGGRESSIVE;
				CLANG_WARN_UNREACHABLE_CODE = YES;
				CLANG_WARN__DUPLICATE_METHOD_MATCH = YES;
				COPY_PHASE_STRIP = NO;
				DEBUG_INFORMATION_FORMAT = dwarf;
				ENABLE_STRICT_OBJC_MSGSEND = YES;
				ENABLE_TESTABILITY = YES;
				GCC_C_LANGUAGE_STANDARD = gnu11;
				GCC_DYNAMIC_NO_PIC = NO;
				GCC_NO_COMMON_BLOCKS = YES;
				GCC_OPTIMIZATION_LEVEL = 0;
				GCC_PREPROCESSOR_DEFINITIONS = (
					"DEBUG=1",
					"$(inherited)",
				);
				GCC_WARN_64_TO_32_BIT_CONVERSION = YES;
				GCC_WARN_ABOUT_RETURN_TYPE = YES_ERROR;
				GCC_WARN_UNDECLARED_SELECTOR = YES;
				GCC_WARN_UNINITIALIZED_AUTOS = YES_AGGRESSIVE;
				GCC_WARN_UNUSED_FUNCTION = YES;
				GCC_WARN_UNUSED_VARIABLE = YES;
				IPHONEOS_DEPLOYMENT_TARGET = 14.5;
				MTL_ENABLE_DEBUG_INFO = INCLUDE_SOURCE;
				MTL_FAST_MATH = YES;
				ONLY_ACTIVE_ARCH = YES;
				SDKROOT = iphoneos;
				SWIFT_ACTIVE_COMPILATION_CONDITIONS = DEBUG;
				SWIFT_OPTIMIZATION_LEVEL = "-Onone";
			};
			name = Debug;
		};
		B59EB7E5268912A3009B52E8 /* Release */ = {
			isa = XCBuildConfiguration;
			buildSettings = {
				ALWAYS_SEARCH_USER_PATHS = NO;
				CLANG_ANALYZER_NONNULL = YES;
				CLANG_ANALYZER_NUMBER_OBJECT_CONVERSION = YES_AGGRESSIVE;
				CLANG_CXX_LANGUAGE_STANDARD = "gnu++14";
				CLANG_CXX_LIBRARY = "libc++";
				CLANG_ENABLE_MODULES = YES;
				CLANG_ENABLE_OBJC_ARC = YES;
				CLANG_ENABLE_OBJC_WEAK = YES;
				CLANG_WARN_BLOCK_CAPTURE_AUTORELEASING = YES;
				CLANG_WARN_BOOL_CONVERSION = YES;
				CLANG_WARN_COMMA = YES;
				CLANG_WARN_CONSTANT_CONVERSION = YES;
				CLANG_WARN_DEPRECATED_OBJC_IMPLEMENTATIONS = YES;
				CLANG_WARN_DIRECT_OBJC_ISA_USAGE = YES_ERROR;
				CLANG_WARN_DOCUMENTATION_COMMENTS = YES;
				CLANG_WARN_EMPTY_BODY = YES;
				CLANG_WARN_ENUM_CONVERSION = YES;
				CLANG_WARN_INFINITE_RECURSION = YES;
				CLANG_WARN_INT_CONVERSION = YES;
				CLANG_WARN_NON_LITERAL_NULL_CONVERSION = YES;
				CLANG_WARN_OBJC_IMPLICIT_RETAIN_SELF = YES;
				CLANG_WARN_OBJC_LITERAL_CONVERSION = YES;
				CLANG_WARN_OBJC_ROOT_CLASS = YES_ERROR;
				CLANG_WARN_QUOTED_INCLUDE_IN_FRAMEWORK_HEADER = YES;
				CLANG_WARN_RANGE_LOOP_ANALYSIS = YES;
				CLANG_WARN_STRICT_PROTOTYPES = YES;
				CLANG_WARN_SUSPICIOUS_MOVE = YES;
				CLANG_WARN_UNGUARDED_AVAILABILITY = YES_AGGRESSIVE;
				CLANG_WARN_UNREACHABLE_CODE = YES;
				CLANG_WARN__DUPLICATE_METHOD_MATCH = YES;
				COPY_PHASE_STRIP = NO;
				DEBUG_INFORMATION_FORMAT = "dwarf-with-dsym";
				ENABLE_NS_ASSERTIONS = NO;
				ENABLE_STRICT_OBJC_MSGSEND = YES;
				GCC_C_LANGUAGE_STANDARD = gnu11;
				GCC_NO_COMMON_BLOCKS = YES;
				GCC_WARN_64_TO_32_BIT_CONVERSION = YES;
				GCC_WARN_ABOUT_RETURN_TYPE = YES_ERROR;
				GCC_WARN_UNDECLARED_SELECTOR = YES;
				GCC_WARN_UNINITIALIZED_AUTOS = YES_AGGRESSIVE;
				GCC_WARN_UNUSED_FUNCTION = YES;
				GCC_WARN_UNUSED_VARIABLE = YES;
				IPHONEOS_DEPLOYMENT_TARGET = 14.5;
				MTL_ENABLE_DEBUG_INFO = NO;
				MTL_FAST_MATH = YES;
				SDKROOT = iphoneos;
				SWIFT_COMPILATION_MODE = wholemodule;
				SWIFT_OPTIMIZATION_LEVEL = "-O";
				VALIDATE_PRODUCT = YES;
			};
			name = Release;
		};
		B59EB7E7268912A3009B52E8 /* Debug */ = {
			isa = XCBuildConfiguration;
			buildSettings = {
				ASSETCATALOG_COMPILER_APPICON_NAME = AppIcon;
				ASSETCATALOG_COMPILER_GLOBAL_ACCENT_COLOR_NAME = AccentColor;
				CODE_SIGN_STYLE = Automatic;
				DEVELOPMENT_ASSET_PATHS = "\"NavigationContainer/Preview Content\"";
				DEVELOPMENT_TEAM = YY6CWUX533;
				ENABLE_PREVIEWS = YES;
				INFOPLIST_FILE = NavigationContainer/Info.plist;
				IPHONEOS_DEPLOYMENT_TARGET = 14.0;
				LD_RUNPATH_SEARCH_PATHS = (
					"$(inherited)",
					"@executable_path/Frameworks",
				);
				PRODUCT_BUNDLE_IDENTIFIER = com.standalone.NavigationContainer;
				PRODUCT_NAME = "$(TARGET_NAME)";
				SWIFT_VERSION = 5.0;
				TARGETED_DEVICE_FAMILY = "1,2";
			};
			name = Debug;
		};
		B59EB7E8268912A3009B52E8 /* Release */ = {
			isa = XCBuildConfiguration;
			buildSettings = {
				ASSETCATALOG_COMPILER_APPICON_NAME = AppIcon;
				ASSETCATALOG_COMPILER_GLOBAL_ACCENT_COLOR_NAME = AccentColor;
				CODE_SIGN_STYLE = Automatic;
				DEVELOPMENT_ASSET_PATHS = "\"NavigationContainer/Preview Content\"";
				DEVELOPMENT_TEAM = YY6CWUX533;
				ENABLE_PREVIEWS = YES;
				INFOPLIST_FILE = NavigationContainer/Info.plist;
				IPHONEOS_DEPLOYMENT_TARGET = 14.0;
				LD_RUNPATH_SEARCH_PATHS = (
					"$(inherited)",
					"@executable_path/Frameworks",
				);
				PRODUCT_BUNDLE_IDENTIFIER = com.standalone.NavigationContainer;
				PRODUCT_NAME = "$(TARGET_NAME)";
				SWIFT_VERSION = 5.0;
				TARGETED_DEVICE_FAMILY = "1,2";
			};
			name = Release;
		};
/* End XCBuildConfiguration section */

/* Begin XCConfigurationList section */
		B59EB7D2268912A2009B52E8 /* Build configuration list for PBXProject "NavigationContainer" */ = {
			isa = XCConfigurationList;
			buildConfigurations = (
				B59EB7E4268912A3009B52E8 /* Debug */,
				B59EB7E5268912A3009B52E8 /* Release */,
			);
			defaultConfigurationIsVisible = 0;
			defaultConfigurationName = Release;
		};
		B59EB7E6268912A3009B52E8 /* Build configuration list for PBXNativeTarget "NavigationContainer" */ = {
			isa = XCConfigurationList;
			buildConfigurations = (
				B59EB7E7268912A3009B52E8 /* Debug */,
				B59EB7E8268912A3009B52E8 /* Release */,
			);
			defaultConfigurationIsVisible = 0;
			defaultConfigurationName = Release;
		};
/* End XCConfigurationList section */
	};
	rootObject = B59EB7CF268912A2009B52E8 /* Project object */;
}
